
Microsoft Visual Studio Solution File, Format Version 12.00
# Visual Studio Version 17
VisualStudioVersion = 17.13.35825.156 d17.13
MinimumVisualStudioVersion = 10.0.40219.1
Project("{FAE04EC0-301F-11D3-BF4B-00C04F79EFBC}") = "EJERCICIO1", "EJERCICIO1\EJERCICIO1.csproj", "{92701859-4286-4FB6-AD0D-1A2387AB5AB2}"
EndProject
Global
	GlobalSection(SolutionConfigurationPlatforms) = preSolution
		Debug|Any CPU = Debug|Any CPU
		Release|Any CPU = Release|Any CPU
	EndGlobalSection
	GlobalSection(ProjectConfigurationPlatforms) = postSolution
		{92701859-4286-4FB6-AD0D-1A2387AB5AB2}.Debug|Any CPU.ActiveCfg = Debug|Any CPU
		{92701859-4286-4FB6-AD0D-1A2387AB5AB2}.Debug|Any CPU.Build.0 = Debug|Any CPU
		{92701859-4286-4FB6-AD0D-1A2387AB5AB2}.Release|Any CPU.ActiveCfg = Release|Any CPU
		{92701859-4286-4FB6-AD0D-1A2387AB5AB2}.Release|Any CPU.Build.0 = Release|Any CPU
	EndGlobalSection
	GlobalSection(SolutionProperties) = preSolution
		HideSolutionNode = FALSE
	EndGlobalSection
	GlobalSection(ExtensibilityGlobals) = postSolution
		SolutionGuid = {906965A4-7E92-449A-A12B-4B91DA34B17B}
	EndGlobalSection
EndGlobal
